// !$*UTF8*$!
{
	archiveVersion = 1;
	classes = {
	};
	objectVersion = 50;
	objects = {

/* Begin PBXBuildFile section */
		CE0F1DA72519CF3A000140B0 /* MyCustomScreenSaver.swift in Sources */ = {isa = PBXBuildFile; fileRef = CE0F1DA62519CF3A000140B0 /* MyCustomScreenSaver.swift */; };
		CE0F1DAB2519D728000140B0 /* NSLabel.swift in Sources */ = {isa = PBXBuildFile; fileRef = CE0F1DAA2519D728000140B0 /* NSLabel.swift */; };
		CE5C3F68251E4F5500BCFA0D /* Constant.swift in Sources */ = {isa = PBXBuildFile; fileRef = CE5C3F67251E4F5500BCFA0D /* Constant.swift */; };
		CE5C3F6F251E568000BCFA0D /* thumbnail.png in Resources */ = {isa = PBXBuildFile; fileRef = CE5C3F6D251E568000BCFA0D /* thumbnail.png */; };
		CE5C3F70251E568000BCFA0D /* thumbnail@2x.png in Resources */ = {isa = PBXBuildFile; fileRef = CE5C3F6E251E568000BCFA0D /* thumbnail@2x.png */; };
		CEDFC785251A35000084C726 /* Helper.swift in Sources */ = {isa = PBXBuildFile; fileRef = CEDFC784251A35000084C726 /* Helper.swift */; };
/* End PBXBuildFile section */

/* Begin PBXFileReference section */
		CE0F1D982519CF06000140B0 /* MyCustomScreenSaver.saver */ = {isa = PBXFileReference; explicitFileType = wrapper.cfbundle; includeInIndex = 0; path = MyCustomScreenSaver.saver; sourceTree = BUILT_PRODUCTS_DIR; };
		CE0F1D9F2519CF07000140B0 /* Info.plist */ = {isa = PBXFileReference; lastKnownFileType = text.plist.xml; path = Info.plist; sourceTree = "<group>"; };
		CE0F1DA62519CF3A000140B0 /* MyCustomScreenSaver.swift */ = {isa = PBXFileReference; lastKnownFileType = sourcecode.swift; path = MyCustomScreenSaver.swift; sourceTree = "<group>"; };
		CE0F1DAA2519D728000140B0 /* NSLabel.swift */ = {isa = PBXFileReference; lastKnownFileType = sourcecode.swift; path = NSLabel.swift; sourceTree = "<group>"; };
		CE5C3F67251E4F5500BCFA0D /* Constant.swift */ = {isa = PBXFileReference; lastKnownFileType = sourcecode.swift; path = Constant.swift; sourceTree = "<group>"; };
		CE5C3F6D251E568000BCFA0D /* thumbnail.png */ = {isa = PBXFileReference; lastKnownFileType = image.png; path = thumbnail.png; sourceTree = "<group>"; };
		CE5C3F6E251E568000BCFA0D /* thumbnail@2x.png */ = {isa = PBXFileReference; lastKnownFileType = image.png; path = "thumbnail@2x.png"; sourceTree = "<group>"; };
		CEDFC784251A35000084C726 /* Helper.swift */ = {isa = PBXFileReference; lastKnownFileType = sourcecode.swift; path = Helper.swift; sourceTree = "<group>"; };
/* End PBXFileReference section */

/* Begin PBXFrameworksBuildPhase section */
		CE0F1D952519CF06000140B0 /* Frameworks */ = {
			isa = PBXFrameworksBuildPhase;
			buildActionMask = 2147483647;
			files = (
			);
			runOnlyForDeploymentPostprocessing = 0;
		};
/* End PBXFrameworksBuildPhase section */

/* Begin PBXGroup section */
		CE0F1D8E2519CF06000140B0 = {
			isa = PBXGroup;
			children = (
				CE0F1D9A2519CF06000140B0 /* MyCustomScreenSaver */,
				CE0F1D992519CF06000140B0 /* Products */,
			);
			sourceTree = "<group>";
		};
		CE0F1D992519CF06000140B0 /* Products */ = {
			isa = PBXGroup;
			children = (
				CE0F1D982519CF06000140B0 /* MyCustomScreenSaver.saver */,
			);
			name = Products;
			sourceTree = "<group>";
		};
		CE0F1D9A2519CF06000140B0 /* MyCustomScreenSaver */ = {
			isa = PBXGroup;
			children = (
				CE0F1DA62519CF3A000140B0 /* MyCustomScreenSaver.swift */,
				CE0F1D9F2519CF07000140B0 /* Info.plist */,
				CE0F1DBC2519E377000140B0 /* Support */,
				CE5C3F6C251E551400BCFA0D /* Thumbnail */,
				CE5C3F67251E4F5500BCFA0D /* Constant.swift */,
			);
			path = MyCustomScreenSaver;
			sourceTree = "<group>";
		};
		CE0F1DBC2519E377000140B0 /* Support */ = {
			isa = PBXGroup;
			children = (
				CE0F1DAA2519D728000140B0 /* NSLabel.swift */,
				CEDFC784251A35000084C726 /* Helper.swift */,
			);
			name = Support;
			sourceTree = "<group>";
		};
		CE5C3F6C251E551400BCFA0D /* Thumbnail */ = {
			isa = PBXGroup;
			children = (
				CE5C3F6D251E568000BCFA0D /* thumbnail.png */,
				CE5C3F6E251E568000BCFA0D /* thumbnail@2x.png */,
			);
			name = Thumbnail;
			sourceTree = "<group>";
		};
/* End PBXGroup section */

/* Begin PBXHeadersBuildPhase section */
		CE0F1D932519CF06000140B0 /* Headers */ = {
			isa = PBXHeadersBuildPhase;
			buildActionMask = 2147483647;
			files = (
			);
			runOnlyForDeploymentPostprocessing = 0;
		};
/* End PBXHeadersBuildPhase section */

/* Begin PBXNativeTarget section */
		CE0F1D972519CF06000140B0 /* MyCustomScreenSaver */ = {
			isa = PBXNativeTarget;
			buildConfigurationList = CE0F1DA22519CF07000140B0 /* Build configuration list for PBXNativeTarget "MyCustomScreenSaver" */;
			buildPhases = (
				CE0F1D932519CF06000140B0 /* Headers */,
				CE0F1D942519CF06000140B0 /* Sources */,
				CE0F1D952519CF06000140B0 /* Frameworks */,
				CE0F1D962519CF06000140B0 /* Resources */,
			);
			buildRules = (
			);
			dependencies = (
			);
			name = MyCustomScreenSaver;
			productName = MyCustomScreenSaver;
			productReference = CE0F1D982519CF06000140B0 /* MyCustomScreenSaver.saver */;
			productType = "com.apple.product-type.bundle";
		};
/* End PBXNativeTarget section */

/* Begin PBXProject section */
		CE0F1D8F2519CF06000140B0 /* Project object */ = {
			isa = PBXProject;
			attributes = {
				LastUpgradeCheck = 1200;
				TargetAttributes = {
					CE0F1D972519CF06000140B0 = {
						CreatedOnToolsVersion = 12.0;
						LastSwiftMigration = 1200;
					};
				};
			};
			buildConfigurationList = CE0F1D922519CF06000140B0 /* Build configuration list for PBXProject "MyCustomScreenSaver" */;
			compatibilityVersion = "Xcode 9.3";
			developmentRegion = en;
			hasScannedForEncodings = 0;
			knownRegions = (
				en,
				Base,
			);
			mainGroup = CE0F1D8E2519CF06000140B0;
			productRefGroup = CE0F1D992519CF06000140B0 /* Products */;
			projectDirPath = "";
			projectRoot = "";
			targets = (
				CE0F1D972519CF06000140B0 /* MyCustomScreenSaver */,
			);
		};
/* End PBXProject section */

/* Begin PBXResourcesBuildPhase section */
		CE0F1D962519CF06000140B0 /* Resources */ = {
			isa = PBXResourcesBuildPhase;
			buildActionMask = 2147483647;
			files = (
				CE5C3F6F251E568000BCFA0D /* thumbnail.png in Resources */,
				CE5C3F70251E568000BCFA0D /* thumbnail@2x.png in Resources */,
			);
			runOnlyForDeploymentPostprocessing = 0;
		};
/* End PBXResourcesBuildPhase section */

/* Begin PBXSourcesBuildPhase section */
		CE0F1D942519CF06000140B0 /* Sources */ = {
			isa = PBXSourcesBuildPhase;
			buildActionMask = 2147483647;
			files = (
				CE0F1DA72519CF3A000140B0 /* MyCustomScreenSaver.swift in Sources */,
				CE0F1DAB2519D728000140B0 /* NSLabel.swift in Sources */,
				CEDFC785251A35000084C726 /* Helper.swift in Sources */,
				CE5C3F68251E4F5500BCFA0D /* Constant.swift in Sources */,
			);
			runOnlyForDeploymentPostprocessing = 0;
		};
/* End PBXSourcesBuildPhase section */

/* Begin XCBuildConfiguration section */
		CE0F1DA02519CF07000140B0 /* Debug */ = {
			isa = XCBuildConfiguration;
			buildSettings = {
				ALWAYS_SEARCH_USER_PATHS = NO;
				CLANG_ANALYZER_NONNULL = YES;
				CLANG_ANALYZER_NUMBER_OBJECT_CONVERSION = YES_AGGRESSIVE;
				CLANG_CXX_LANGUAGE_STANDARD = "gnu++14";
				CLANG_CXX_LIBRARY = "libc++";
				CLANG_ENABLE_MODULES = YES;
				CLANG_ENABLE_OBJC_ARC = YES;
				CLANG_ENABLE_OBJC_WEAK = YES;
				CLANG_WARN_BLOCK_CAPTURE_AUTORELEASING = YES;
				CLANG_WARN_BOOL_CONVERSION = YES;
				CLANG_WARN_COMMA = YES;
				CLANG_WARN_CONSTANT_CONVERSION = YES;
				CLANG_WARN_DEPRECATED_OBJC_IMPLEMENTATIONS = YES;
				CLANG_WARN_DIRECT_OBJC_ISA_USAGE = YES_ERROR;
				CLANG_WARN_DOCUMENTATION_COMMENTS = YES;
				CLANG_WARN_EMPTY_BODY = YES;
				CLANG_WARN_ENUM_CONVERSION = YES;
				CLANG_WARN_INFINITE_RECURSION = YES;
				CLANG_WARN_INT_CONVERSION = YES;
				CLANG_WARN_NON_LITERAL_NULL_CONVERSION = YES;
				CLANG_WARN_OBJC_IMPLICIT_RETAIN_SELF = YES;
				CLANG_WARN_OBJC_LITERAL_CONVERSION = YES;
				CLANG_WARN_OBJC_ROOT_CLASS = YES_ERROR;
				CLANG_WARN_QUOTED_INCLUDE_IN_FRAMEWORK_HEADER = YES;
				CLANG_WARN_RANGE_LOOP_ANALYSIS = YES;
				CLANG_WARN_STRICT_PROTOTYPES = YES;
				CLANG_WARN_SUSPICIOUS_MOVE = YES;
				CLANG_WARN_UNGUARDED_AVAILABILITY = YES_AGGRESSIVE;
				CLANG_WARN_UNREACHABLE_CODE = YES;
				CLANG_WARN__DUPLICATE_METHOD_MATCH = YES;
				COPY_PHASE_STRIP = NO;
				DEBUG_INFORMATION_FORMAT = dwarf;
				ENABLE_STRICT_OBJC_MSGSEND = YES;
				ENABLE_TESTABILITY = YES;
				GCC_C_LANGUAGE_STANDARD = gnu11;
				GCC_DYNAMIC_NO_PIC = NO;
				GCC_NO_COMMON_BLOCKS = YES;
				GCC_OPTIMIZATION_LEVEL = 0;
				GCC_PREPROCESSOR_DEFINITIONS = (
					"DEBUG=1",
					"$(inherited)",
				);
				GCC_WARN_64_TO_32_BIT_CONVERSION = YES;
				GCC_WARN_ABOUT_RETURN_TYPE = YES_ERROR;
				GCC_WARN_UNDECLARED_SELECTOR = YES;
				GCC_WARN_UNINITIALIZED_AUTOS = YES_AGGRESSIVE;
				GCC_WARN_UNUSED_FUNCTION = YES;
				GCC_WARN_UNUSED_VARIABLE = YES;
				MACOSX_DEPLOYMENT_TARGET = 10.15;
				MTL_ENABLE_DEBUG_INFO = INCLUDE_SOURCE;
				MTL_FAST_MATH = YES;
				ONLY_ACTIVE_ARCH = YES;
				SDKROOT = macosx;
			};
			name = Debug;
		};
		CE0F1DA12519CF07000140B0 /* Release */ = {
			isa = XCBuildConfiguration;
			buildSettings = {
				ALWAYS_SEARCH_USER_PATHS = NO;
				CLANG_ANALYZER_NONNULL = YES;
				CLANG_ANALYZER_NUMBER_OBJECT_CONVERSION = YES_AGGRESSIVE;
				CLANG_CXX_LANGUAGE_STANDARD = "gnu++14";
				CLANG_CXX_LIBRARY = "libc++";
				CLANG_ENABLE_MODULES = YES;
				CLANG_ENABLE_OBJC_ARC = YES;
				CLANG_ENABLE_OBJC_WEAK = YES;
				CLANG_WARN_BLOCK_CAPTURE_AUTORELEASING = YES;
				CLANG_WARN_BOOL_CONVERSION = YES;
				CLANG_WARN_COMMA = YES;
				CLANG_WARN_CONSTANT_CONVERSION = YES;
				CLANG_WARN_DEPRECATED_OBJC_IMPLEMENTATIONS = YES;
				CLANG_WARN_DIRECT_OBJC_ISA_USAGE = YES_ERROR;
				CLANG_WARN_DOCUMENTATION_COMMENTS = YES;
				CLANG_WARN_EMPTY_BODY = YES;
				CLANG_WARN_ENUM_CONVERSION = YES;
				CLANG_WARN_INFINITE_RECURSION = YES;
				CLANG_WARN_INT_CONVERSION = YES;
				CLANG_WARN_NON_LITERAL_NULL_CONVERSION = YES;
				CLANG_WARN_OBJC_IMPLICIT_RETAIN_SELF = YES;
				CLANG_WARN_OBJC_LITERAL_CONVERSION = YES;
				CLANG_WARN_OBJC_ROOT_CLASS = YES_ERROR;
				CLANG_WARN_QUOTED_INCLUDE_IN_FRAMEWORK_HEADER = YES;
				CLANG_WARN_RANGE_LOOP_ANALYSIS = YES;
				CLANG_WARN_STRICT_PROTOTYPES = YES;
				CLANG_WARN_SUSPICIOUS_MOVE = YES;
				CLANG_WARN_UNGUARDED_AVAILABILITY = YES_AGGRESSIVE;
				CLANG_WARN_UNREACHABLE_CODE = YES;
				CLANG_WARN__DUPLICATE_METHOD_MATCH = YES;
				COPY_PHASE_STRIP = NO;
				DEBUG_INFORMATION_FORMAT = "dwarf-with-dsym";
				ENABLE_NS_ASSERTIONS = NO;
				ENABLE_STRICT_OBJC_MSGSEND = YES;
				GCC_C_LANGUAGE_STANDARD = gnu11;
				GCC_NO_COMMON_BLOCKS = YES;
				GCC_WARN_64_TO_32_BIT_CONVERSION = YES;
				GCC_WARN_ABOUT_RETURN_TYPE = YES_ERROR;
				GCC_WARN_UNDECLARED_SELECTOR = YES;
				GCC_WARN_UNINITIALIZED_AUTOS = YES_AGGRESSIVE;
				GCC_WARN_UNUSED_FUNCTION = YES;
				GCC_WARN_UNUSED_VARIABLE = YES;
				MACOSX_DEPLOYMENT_TARGET = 10.15;
				MTL_ENABLE_DEBUG_INFO = NO;
				MTL_FAST_MATH = YES;
				SDKROOT = macosx;
			};
			name = Release;
		};
		CE0F1DA32519CF07000140B0 /* Debug */ = {
			isa = XCBuildConfiguration;
			buildSettings = {
				ALWAYS_EMBED_SWIFT_STANDARD_LIBRARIES = YES;
				CLANG_ENABLE_MODULES = YES;
				CODE_SIGN_STYLE = Automatic;
				COMBINE_HIDPI_IMAGES = YES;
				DEVELOPMENT_TEAM = 5YP25JL9TR;
				INFOPLIST_FILE = MyCustomScreenSaver/Info.plist;
				INSTALL_PATH = "$(HOME)/Library/Screen Savers";
				LD_RUNPATH_SEARCH_PATHS = (
					"$(inherited)",
					"@executable_path/../Frameworks",
					"@loader_path/../Frameworks",
				);
				PRODUCT_BUNDLE_IDENTIFIER = com.ngocthai.MyCustomScreenSaver;
				PRODUCT_NAME = "$(TARGET_NAME)";
				SWIFT_OPTIMIZATION_LEVEL = "-Onone";
				SWIFT_VERSION = 5.0;
				WRAPPER_EXTENSION = saver;
			};
			name = Debug;
		};
		CE0F1DA42519CF07000140B0 /* Release */ = {
			isa = XCBuildConfiguration;
			buildSettings = {
				ALWAYS_EMBED_SWIFT_STANDARD_LIBRARIES = YES;
				CLANG_ENABLE_MODULES = YES;
				CODE_SIGN_STYLE = Automatic;
				COMBINE_HIDPI_IMAGES = YES;
				DEVELOPMENT_TEAM = 5YP25JL9TR;
				INFOPLIST_FILE = MyCustomScreenSaver/Info.plist;
				INSTALL_PATH = "$(HOME)/Library/Screen Savers";
				LD_RUNPATH_SEARCH_PATHS = (
					"$(inherited)",
					"@executable_path/../Frameworks",
					"@loader_path/../Frameworks",
				);
				PRODUCT_BUNDLE_IDENTIFIER = com.ngocthai.MyCustomScreenSaver;
				PRODUCT_NAME = "$(TARGET_NAME)";
				SWIFT_VERSION = 5.0;
				WRAPPER_EXTENSION = saver;
			};
			name = Release;
		};
/* End XCBuildConfiguration section */

/* Begin XCConfigurationList section */
		CE0F1D922519CF06000140B0 /* Build configuration list for PBXProject "MyCustomScreenSaver" */ = {
			isa = XCConfigurationList;
			buildConfigurations = (
				CE0F1DA02519CF07000140B0 /* Debug */,
				CE0F1DA12519CF07000140B0 /* Release */,
			);
			defaultConfigurationIsVisible = 0;
			defaultConfigurationName = Release;
		};
		CE0F1DA22519CF07000140B0 /* Build configuration list for PBXNativeTarget "MyCustomScreenSaver" */ = {
			isa = XCConfigurationList;
			buildConfigurations = (
				CE0F1DA32519CF07000140B0 /* Debug */,
				CE0F1DA42519CF07000140B0 /* Release */,
			);
			defaultConfigurationIsVisible = 0;
			defaultConfigurationName = Release;
		};
/* End XCConfigurationList section */
	};
	rootObject = CE0F1D8F2519CF06000140B0 /* Project object */;
}
